
Microsoft Visual Studio Solution File, Format Version 12.00
# Visual Studio Version 16
VisualStudioVersion = 16.0.30225.117
MinimumVisualStudioVersion = 10.0.40219.1
Project("{FAE04EC0-301F-11D3-BF4B-00C04F79EFBC}") = "TpmDevice", "src\TpmDevice\TpmDevice.csproj", "{D43F36C4-BC11-40D3-98BF-AFDE225F05D4}"
EndProject
Project("{2150E333-8FDC-42A3-9474-1A3956D46DE8}") = "src", "src", "{17EDBF8E-3A97-4E78-A6C6-BB30C7441A76}"
	ProjectSection(SolutionItems) = preProject
		src\Directory.Build.props = src\Directory.Build.props
	EndProjectSection
EndProject
Project("{2150E333-8FDC-42A3-9474-1A3956D46DE8}") = "example", "example", "{D5A0E35E-834D-4E29-8E58-5E46C84C0497}"
	ProjectSection(SolutionItems) = preProject
		examples\Directory.Build.props = examples\Directory.Build.props
	EndProjectSection
EndProject
Project("{2150E333-8FDC-42A3-9474-1A3956D46DE8}") = "Solution Items", "Solution Items", "{59DB7522-3675-4736-B2D2-4AC57D2B9848}"
	ProjectSection(SolutionItems) = preProject
		azure-pipelines.yml = azure-pipelines.yml
		Directory.Build.props = Directory.Build.props
		Directory.Build.targets = Directory.Build.targets
		LICENSE.md = LICENSE.md
		README.md = README.md
	EndProjectSection
EndProject
Project("{2150E333-8FDC-42A3-9474-1A3956D46DE8}") = "test", "test", "{210E0BA7-2022-4759-8ABE-395921B32D52}"
	ProjectSection(SolutionItems) = preProject
		test\Directory.Build.props = test\Directory.Build.props
	EndProjectSection
EndProject
Global
	GlobalSection(SolutionConfigurationPlatforms) = preSolution
		Debug|Any CPU = Debug|Any CPU
		Release|Any CPU = Release|Any CPU
	EndGlobalSection
	GlobalSection(ProjectConfigurationPlatforms) = postSolution
		{D43F36C4-BC11-40D3-98BF-AFDE225F05D4}.Debug|Any CPU.ActiveCfg = Debug|Any CPU
		{D43F36C4-BC11-40D3-98BF-AFDE225F05D4}.Debug|Any CPU.Build.0 = Debug|Any CPU
		{D43F36C4-BC11-40D3-98BF-AFDE225F05D4}.Release|Any CPU.ActiveCfg = Release|Any CPU
		{D43F36C4-BC11-40D3-98BF-AFDE225F05D4}.Release|Any CPU.Build.0 = Release|Any CPU
	EndGlobalSection
	GlobalSection(SolutionProperties) = preSolution
		HideSolutionNode = FALSE
	EndGlobalSection
	GlobalSection(NestedProjects) = preSolution
		{D43F36C4-BC11-40D3-98BF-AFDE225F05D4} = {17EDBF8E-3A97-4E78-A6C6-BB30C7441A76}
	EndGlobalSection
	GlobalSection(ExtensibilityGlobals) = postSolution
		SolutionGuid = {257249FC-8579-47A7-AFAA-3202F42A6D20}
	EndGlobalSection
EndGlobal
